
Microsoft Visual Studio Solution File, Format Version 12.00
# Visual Studio Version 17
VisualStudioVersion = 17.12.35707.178 d17.12
MinimumVisualStudioVersion = 10.0.40219.1
Project("{FAE04EC0-301F-11D3-BF4B-00C04F79EFBC}") = "ConstructorAPP", "ConstructorAPP\ConstructorAPP.csproj", "{80350C4E-13FF-46C7-B3F9-84FAF832D028}"
EndProject
Global
	GlobalSection(SolutionConfigurationPlatforms) = preSolution
		Debug|Any CPU = Debug|Any CPU
		Release|Any CPU = Release|Any CPU
	EndGlobalSection
	GlobalSection(ProjectConfigurationPlatforms) = postSolution
		{80350C4E-13FF-46C7-B3F9-84FAF832D028}.Debug|Any CPU.ActiveCfg = Debug|Any CPU
		{80350C4E-13FF-46C7-B3F9-84FAF832D028}.Debug|Any CPU.Build.0 = Debug|Any CPU
		{80350C4E-13FF-46C7-B3F9-84FAF832D028}.Release|Any CPU.ActiveCfg = Release|Any CPU
		{80350C4E-13FF-46C7-B3F9-84FAF832D028}.Release|Any CPU.Build.0 = Release|Any CPU
	EndGlobalSection
	GlobalSection(SolutionProperties) = preSolution
		HideSolutionNode = FALSE
	EndGlobalSection
EndGlobal
